
Microsoft Visual Studio Solution File, Format Version 12.00
# Visual Studio 15
VisualStudioVersion = 15.0.26730.16
MinimumVisualStudioVersion = 10.0.40219.1
Project("{FAE04EC0-301F-11D3-BF4B-00C04F79EFBC}") = "MsgFileImportOutlookAddin", "MsgFileImportOutlookAddin\MsgFileImportOutlookAddin.csproj", "{2E23DC4E-7100-4084-9768-789A290BD036}"
EndProject
Global
	GlobalSection(SolutionConfigurationPlatforms) = preSolution
		Debug|Any CPU = Debug|Any CPU
		Release|Any CPU = Release|Any CPU
	EndGlobalSection
	GlobalSection(ProjectConfigurationPlatforms) = postSolution
		{2E23DC4E-7100-4084-9768-789A290BD036}.Debug|Any CPU.ActiveCfg = Debug|Any CPU
		{2E23DC4E-7100-4084-9768-789A290BD036}.Debug|Any CPU.Build.0 = Debug|Any CPU
		{2E23DC4E-7100-4084-9768-789A290BD036}.Release|Any CPU.ActiveCfg = Release|Any CPU
		{2E23DC4E-7100-4084-9768-789A290BD036}.Release|Any CPU.Build.0 = Release|Any CPU
	EndGlobalSection
	GlobalSection(SolutionProperties) = preSolution
		HideSolutionNode = FALSE
	EndGlobalSection
	GlobalSection(ExtensibilityGlobals) = postSolution
		SolutionGuid = {909B9CA7-F81F-477B-A024-B56904A48BFB}
	EndGlobalSection
EndGlobal
